
Microsoft Visual Studio Solution File, Format Version 12.00
# Visual Studio Version 17
VisualStudioVersion = 17.12.35506.116
MinimumVisualStudioVersion = 10.0.40219.1
Project("{FAE04EC0-301F-11D3-BF4B-00C04F79EFBC}") = "Warehouse.Web", "Warehouse.Web\Warehouse.Web.csproj", "{0A7BAF57-D9F3-4D8B-9A6E-9A751321124A}"
EndProject
Project("{FAE04EC0-301F-11D3-BF4B-00C04F79EFBC}") = "Warehouse.Domain", "Warehouse.Domain\Warehouse.Domain.csproj", "{0E30877C-CE39-4A4C-8C24-BD6BAF950E3A}"
EndProject
Project("{FAE04EC0-301F-11D3-BF4B-00C04F79EFBC}") = "Warehouse.Data", "Warehouse.Data\Warehouse.Data.csproj", "{EE3FAB22-6186-487E-B615-D53A9E47FC8B}"
EndProject
Project("{FAE04EC0-301F-11D3-BF4B-00C04F79EFBC}") = "Warehouse.Interfaces", "Warehouse.Interfaces\Warehouse.Interfaces.csproj", "{EDEDA05A-B561-4161-B236-C84170F351E8}"
EndProject
Global
	GlobalSection(SolutionConfigurationPlatforms) = preSolution
		Debug|Any CPU = Debug|Any CPU
		Release|Any CPU = Release|Any CPU
	EndGlobalSection
	GlobalSection(ProjectConfigurationPlatforms) = postSolution
		{0A7BAF57-D9F3-4D8B-9A6E-9A751321124A}.Debug|Any CPU.ActiveCfg = Debug|Any CPU
		{0A7BAF57-D9F3-4D8B-9A6E-9A751321124A}.Debug|Any CPU.Build.0 = Debug|Any CPU
		{0A7BAF57-D9F3-4D8B-9A6E-9A751321124A}.Release|Any CPU.ActiveCfg = Release|Any CPU
		{0A7BAF57-D9F3-4D8B-9A6E-9A751321124A}.Release|Any CPU.Build.0 = Release|Any CPU
		{0E30877C-CE39-4A4C-8C24-BD6BAF950E3A}.Debug|Any CPU.ActiveCfg = Debug|Any CPU
		{0E30877C-CE39-4A4C-8C24-BD6BAF950E3A}.Debug|Any CPU.Build.0 = Debug|Any CPU
		{0E30877C-CE39-4A4C-8C24-BD6BAF950E3A}.Release|Any CPU.ActiveCfg = Release|Any CPU
		{0E30877C-CE39-4A4C-8C24-BD6BAF950E3A}.Release|Any CPU.Build.0 = Release|Any CPU
		{EE3FAB22-6186-487E-B615-D53A9E47FC8B}.Debug|Any CPU.ActiveCfg = Debug|Any CPU
		{EE3FAB22-6186-487E-B615-D53A9E47FC8B}.Debug|Any CPU.Build.0 = Debug|Any CPU
		{EE3FAB22-6186-487E-B615-D53A9E47FC8B}.Release|Any CPU.ActiveCfg = Release|Any CPU
		{EE3FAB22-6186-487E-B615-D53A9E47FC8B}.Release|Any CPU.Build.0 = Release|Any CPU
		{EDEDA05A-B561-4161-B236-C84170F351E8}.Debug|Any CPU.ActiveCfg = Debug|Any CPU
		{EDEDA05A-B561-4161-B236-C84170F351E8}.Debug|Any CPU.Build.0 = Debug|Any CPU
		{EDEDA05A-B561-4161-B236-C84170F351E8}.Release|Any CPU.ActiveCfg = Release|Any CPU
		{EDEDA05A-B561-4161-B236-C84170F351E8}.Release|Any CPU.Build.0 = Release|Any CPU
	EndGlobalSection
	GlobalSection(SolutionProperties) = preSolution
		HideSolutionNode = FALSE
	EndGlobalSection
EndGlobal
